// !$*UTF8*$!
{
	archiveVersion = 1;
	classes = {
	};
	objectVersion = 77;
	objects = {

/* Begin PBXBuildFile section */
		C220C20A2D2B9AF000321039 /* Kingfisher in Frameworks */ = {isa = PBXBuildFile; productRef = C220C2092D2B9AF000321039 /* Kingfisher */; };
		C235F03A2D2EB98B0047B592 /* RealmSwift in Frameworks */ = {isa = PBXBuildFile; productRef = C235F0392D2EB98B0047B592 /* RealmSwift */; };
		C235F03B2D2EB9A10047B592 /* RealmSwift in Embed Frameworks */ = {isa = PBXBuildFile; productRef = C235F0392D2EB98B0047B592 /* RealmSwift */; settings = {ATTRIBUTES = (CodeSignOnCopy, ); }; };
		C235F04D2D301AFE0047B592 /* RxBlocking in Frameworks */ = {isa = PBXBuildFile; productRef = C235F04C2D301AFE0047B592 /* RxBlocking */; };
		C235F04F2D301AFE0047B592 /* RxCocoa in Frameworks */ = {isa = PBXBuildFile; productRef = C235F04E2D301AFE0047B592 /* RxCocoa */; };
		C235F0512D301AFE0047B592 /* RxRelay in Frameworks */ = {isa = PBXBuildFile; productRef = C235F0502D301AFE0047B592 /* RxRelay */; };
		C235F0532D301AFE0047B592 /* RxSwift in Frameworks */ = {isa = PBXBuildFile; productRef = C235F0522D301AFE0047B592 /* RxSwift */; };
		C235F0552D301AFE0047B592 /* RxTest in Frameworks */ = {isa = PBXBuildFile; productRef = C235F0542D301AFE0047B592 /* RxTest */; };
		C295F2622D2BC40400B60FA1 /* SnapKit in Frameworks */ = {isa = PBXBuildFile; productRef = C295F2612D2BC40400B60FA1 /* SnapKit */; };
/* End PBXBuildFile section */

/* Begin PBXCopyFilesBuildPhase section */
		C235F03C2D2EB9A10047B592 /* Embed Frameworks */ = {
			isa = PBXCopyFilesBuildPhase;
			buildActionMask = 2147483647;
			dstPath = "";
			dstSubfolderSpec = 10;
			files = (
				C235F03B2D2EB9A10047B592 /* RealmSwift in Embed Frameworks */,
			);
			name = "Embed Frameworks";
			runOnlyForDeploymentPostprocessing = 0;
		};
/* End PBXCopyFilesBuildPhase section */

/* Begin PBXFileReference section */
		C220C1F02D2B999B00321039 /* ZzzBank.app */ = {isa = PBXFileReference; explicitFileType = wrapper.application; includeInIndex = 0; path = ZzzBank.app; sourceTree = BUILT_PRODUCTS_DIR; };
/* End PBXFileReference section */

/* Begin PBXFileSystemSynchronizedBuildFileExceptionSet section */
		C220C2022D2B999C00321039 /* Exceptions for "ZzzBank" folder in "ZzzBank" target */ = {
			isa = PBXFileSystemSynchronizedBuildFileExceptionSet;
			membershipExceptions = (
				Info.plist,
			);
			target = C220C1EF2D2B999B00321039 /* ZzzBank */;
		};
/* End PBXFileSystemSynchronizedBuildFileExceptionSet section */

/* Begin PBXFileSystemSynchronizedRootGroup section */
		C220C1F22D2B999B00321039 /* ZzzBank */ = {
			isa = PBXFileSystemSynchronizedRootGroup;
			exceptions = (
				C220C2022D2B999C00321039 /* Exceptions for "ZzzBank" folder in "ZzzBank" target */,
			);
			path = ZzzBank;
			sourceTree = "<group>";
		};
/* End PBXFileSystemSynchronizedRootGroup section */

/* Begin PBXFrameworksBuildPhase section */
		C220C1ED2D2B999B00321039 /* Frameworks */ = {
			isa = PBXFrameworksBuildPhase;
			buildActionMask = 2147483647;
			files = (
				C235F0552D301AFE0047B592 /* RxTest in Frameworks */,
				C235F0512D301AFE0047B592 /* RxRelay in Frameworks */,
				C235F03A2D2EB98B0047B592 /* RealmSwift in Frameworks */,
				C235F04D2D301AFE0047B592 /* RxBlocking in Frameworks */,
				C235F04F2D301AFE0047B592 /* RxCocoa in Frameworks */,
				C220C20A2D2B9AF000321039 /* Kingfisher in Frameworks */,
				C295F2622D2BC40400B60FA1 /* SnapKit in Frameworks */,
				C235F0532D301AFE0047B592 /* RxSwift in Frameworks */,
			);
			runOnlyForDeploymentPostprocessing = 0;
		};
/* End PBXFrameworksBuildPhase section */

/* Begin PBXGroup section */
		C220C1E72D2B999B00321039 = {
			isa = PBXGroup;
			children = (
				C220C1F22D2B999B00321039 /* ZzzBank */,
				C220C1F12D2B999B00321039 /* Products */,
			);
			sourceTree = "<group>";
		};
		C220C1F12D2B999B00321039 /* Products */ = {
			isa = PBXGroup;
			children = (
				C220C1F02D2B999B00321039 /* ZzzBank.app */,
			);
			name = Products;
			sourceTree = "<group>";
		};
/* End PBXGroup section */

/* Begin PBXNativeTarget section */
		C220C1EF2D2B999B00321039 /* ZzzBank */ = {
			isa = PBXNativeTarget;
			buildConfigurationList = C220C2032D2B999C00321039 /* Build configuration list for PBXNativeTarget "ZzzBank" */;
			buildPhases = (
				C220C1EC2D2B999B00321039 /* Sources */,
				C220C1ED2D2B999B00321039 /* Frameworks */,
				C220C1EE2D2B999B00321039 /* Resources */,
				C235F03C2D2EB9A10047B592 /* Embed Frameworks */,
			);
			buildRules = (
			);
			dependencies = (
			);
			fileSystemSynchronizedGroups = (
				C220C1F22D2B999B00321039 /* ZzzBank */,
			);
			name = ZzzBank;
			packageProductDependencies = (
				C220C2092D2B9AF000321039 /* Kingfisher */,
				C295F2612D2BC40400B60FA1 /* SnapKit */,
				C235F0392D2EB98B0047B592 /* RealmSwift */,
				C235F04C2D301AFE0047B592 /* RxBlocking */,
				C235F04E2D301AFE0047B592 /* RxCocoa */,
				C235F0502D301AFE0047B592 /* RxRelay */,
				C235F0522D301AFE0047B592 /* RxSwift */,
				C235F0542D301AFE0047B592 /* RxTest */,
			);
			productName = ZzzBank;
			productReference = C220C1F02D2B999B00321039 /* ZzzBank.app */;
			productType = "com.apple.product-type.application";
		};
/* End PBXNativeTarget section */

/* Begin PBXProject section */
		C220C1E82D2B999B00321039 /* Project object */ = {
			isa = PBXProject;
			attributes = {
				BuildIndependentTargetsInParallel = 1;
				LastSwiftUpdateCheck = 1620;
				LastUpgradeCheck = 1620;
				TargetAttributes = {
					C220C1EF2D2B999B00321039 = {
						CreatedOnToolsVersion = 16.2;
					};
				};
			};
			buildConfigurationList = C220C1EB2D2B999B00321039 /* Build configuration list for PBXProject "ZzzBank" */;
			developmentRegion = en;
			hasScannedForEncodings = 0;
			knownRegions = (
				en,
				Base,
			);
			mainGroup = C220C1E72D2B999B00321039;
			minimizedProjectReferenceProxies = 1;
			packageReferences = (
				C220C2082D2B9AF000321039 /* XCRemoteSwiftPackageReference "Kingfisher" */,
				C295F2602D2BC40400B60FA1 /* XCRemoteSwiftPackageReference "SnapKit" */,
				C235F0382D2EB98B0047B592 /* XCRemoteSwiftPackageReference "realm-swift" */,
				C235F04B2D301AFE0047B592 /* XCRemoteSwiftPackageReference "RxSwift" */,
			);
			preferredProjectObjectVersion = 77;
			productRefGroup = C220C1F12D2B999B00321039 /* Products */;
			projectDirPath = "";
			projectRoot = "";
			targets = (
				C220C1EF2D2B999B00321039 /* ZzzBank */,
			);
		};
/* End PBXProject section */

/* Begin PBXResourcesBuildPhase section */
		C220C1EE2D2B999B00321039 /* Resources */ = {
			isa = PBXResourcesBuildPhase;
			buildActionMask = 2147483647;
			files = (
			);
			runOnlyForDeploymentPostprocessing = 0;
		};
/* End PBXResourcesBuildPhase section */

/* Begin PBXSourcesBuildPhase section */
		C220C1EC2D2B999B00321039 /* Sources */ = {
			isa = PBXSourcesBuildPhase;
			buildActionMask = 2147483647;
			files = (
			);
			runOnlyForDeploymentPostprocessing = 0;
		};
/* End PBXSourcesBuildPhase section */

/* Begin XCBuildConfiguration section */
		C220C2042D2B999C00321039 /* Debug */ = {
			isa = XCBuildConfiguration;
			buildSettings = {
				ASSETCATALOG_COMPILER_APPICON_NAME = AppIcon;
				ASSETCATALOG_COMPILER_GLOBAL_ACCENT_COLOR_NAME = AccentColor;
				CODE_SIGN_ENTITLEMENTS = ZzzBank/ZzzBank.entitlements;
				CODE_SIGN_STYLE = Automatic;
				CURRENT_PROJECT_VERSION = 1;
				DEVELOPMENT_TEAM = 4C5QZ5DXV6;
				GENERATE_INFOPLIST_FILE = YES;
				INFOPLIST_FILE = ZzzBank/Info.plist;
				INFOPLIST_KEY_NSHealthShareUsageDescription = "수면 정보를 위해 데이터 접근 권한이 필요합니다.";
				INFOPLIST_KEY_NSHealthUpdateUsageDescription = "수면 정보를 위해 데이터 접근 권한이 필요합니다.";
				INFOPLIST_KEY_UIApplicationSupportsIndirectInputEvents = YES;
				INFOPLIST_KEY_UILaunchStoryboardName = LaunchScreen;
				INFOPLIST_KEY_UISupportedInterfaceOrientations_iPad = "UIInterfaceOrientationPortrait UIInterfaceOrientationPortraitUpsideDown UIInterfaceOrientationLandscapeLeft UIInterfaceOrientationLandscapeRight";
				INFOPLIST_KEY_UISupportedInterfaceOrientations_iPhone = "UIInterfaceOrientationPortrait UIInterfaceOrientationLandscapeLeft UIInterfaceOrientationLandscapeRight";
				LD_RUNPATH_SEARCH_PATHS = (
					"$(inherited)",
					"@executable_path/Frameworks",
				);
				MARKETING_VERSION = 1.0;
				PRODUCT_BUNDLE_IDENTIFIER = com.harrylee.ZzzBank;
				PRODUCT_NAME = "$(TARGET_NAME)";
				SWIFT_EMIT_LOC_STRINGS = YES;
				SWIFT_VERSION = 5.0;
				TARGETED_DEVICE_FAMILY = "1,2";
			};
			name = Debug;
		};
		C220C2052D2B999C00321039 /* Release */ = {
			isa = XCBuildConfiguration;
			buildSettings = {
				ASSETCATALOG_COMPILER_APPICON_NAME = AppIcon;
				ASSETCATALOG_COMPILER_GLOBAL_ACCENT_COLOR_NAME = AccentColor;
				CODE_SIGN_ENTITLEMENTS = ZzzBank/ZzzBank.entitlements;
				CODE_SIGN_STYLE = Automatic;
				CURRENT_PROJECT_VERSION = 1;
				DEVELOPMENT_TEAM = 4C5QZ5DXV6;
				GENERATE_INFOPLIST_FILE = YES;
				INFOPLIST_FILE = ZzzBank/Info.plist;
				INFOPLIST_KEY_NSHealthShareUsageDescription = "수면 정보를 위해 데이터 접근 권한이 필요합니다.";
				INFOPLIST_KEY_NSHealthUpdateUsageDescription = "수면 정보를 위해 데이터 접근 권한이 필요합니다.";
				INFOPLIST_KEY_UIApplicationSupportsIndirectInputEvents = YES;
				INFOPLIST_KEY_UILaunchStoryboardName = LaunchScreen;
				INFOPLIST_KEY_UISupportedInterfaceOrientations_iPad = "UIInterfaceOrientationPortrait UIInterfaceOrientationPortraitUpsideDown UIInterfaceOrientationLandscapeLeft UIInterfaceOrientationLandscapeRight";
				INFOPLIST_KEY_UISupportedInterfaceOrientations_iPhone = "UIInterfaceOrientationPortrait UIInterfaceOrientationLandscapeLeft UIInterfaceOrientationLandscapeRight";
				LD_RUNPATH_SEARCH_PATHS = (
					"$(inherited)",
					"@executable_path/Frameworks",
				);
				MARKETING_VERSION = 1.0;
				PRODUCT_BUNDLE_IDENTIFIER = com.harrylee.ZzzBank;
				PRODUCT_NAME = "$(TARGET_NAME)";
				SWIFT_EMIT_LOC_STRINGS = YES;
				SWIFT_VERSION = 5.0;
				TARGETED_DEVICE_FAMILY = "1,2";
			};
			name = Release;
		};
		C220C2062D2B999C00321039 /* Debug */ = {
			isa = XCBuildConfiguration;
			buildSettings = {
				ALWAYS_SEARCH_USER_PATHS = NO;
				ASSETCATALOG_COMPILER_GENERATE_SWIFT_ASSET_SYMBOL_EXTENSIONS = YES;
				CLANG_ANALYZER_NONNULL = YES;
				CLANG_ANALYZER_NUMBER_OBJECT_CONVERSION = YES_AGGRESSIVE;
				CLANG_CXX_LANGUAGE_STANDARD = "gnu++20";
				CLANG_ENABLE_MODULES = YES;
				CLANG_ENABLE_OBJC_ARC = YES;
				CLANG_ENABLE_OBJC_WEAK = YES;
				CLANG_WARN_BLOCK_CAPTURE_AUTORELEASING = YES;
				CLANG_WARN_BOOL_CONVERSION = YES;
				CLANG_WARN_COMMA = YES;
				CLANG_WARN_CONSTANT_CONVERSION = YES;
				CLANG_WARN_DEPRECATED_OBJC_IMPLEMENTATIONS = YES;
				CLANG_WARN_DIRECT_OBJC_ISA_USAGE = YES_ERROR;
				CLANG_WARN_DOCUMENTATION_COMMENTS = YES;
				CLANG_WARN_EMPTY_BODY = YES;
				CLANG_WARN_ENUM_CONVERSION = YES;
				CLANG_WARN_INFINITE_RECURSION = YES;
				CLANG_WARN_INT_CONVERSION = YES;
				CLANG_WARN_NON_LITERAL_NULL_CONVERSION = YES;
				CLANG_WARN_OBJC_IMPLICIT_RETAIN_SELF = YES;
				CLANG_WARN_OBJC_LITERAL_CONVERSION = YES;
				CLANG_WARN_OBJC_ROOT_CLASS = YES_ERROR;
				CLANG_WARN_QUOTED_INCLUDE_IN_FRAMEWORK_HEADER = YES;
				CLANG_WARN_RANGE_LOOP_ANALYSIS = YES;
				CLANG_WARN_STRICT_PROTOTYPES = YES;
				CLANG_WARN_SUSPICIOUS_MOVE = YES;
				CLANG_WARN_UNGUARDED_AVAILABILITY = YES_AGGRESSIVE;
				CLANG_WARN_UNREACHABLE_CODE = YES;
				CLANG_WARN__DUPLICATE_METHOD_MATCH = YES;
				COPY_PHASE_STRIP = NO;
				DEBUG_INFORMATION_FORMAT = dwarf;
				ENABLE_STRICT_OBJC_MSGSEND = YES;
				ENABLE_TESTABILITY = YES;
				ENABLE_USER_SCRIPT_SANDBOXING = YES;
				GCC_C_LANGUAGE_STANDARD = gnu17;
				GCC_DYNAMIC_NO_PIC = NO;
				GCC_NO_COMMON_BLOCKS = YES;
				GCC_OPTIMIZATION_LEVEL = 0;
				GCC_PREPROCESSOR_DEFINITIONS = (
					"DEBUG=1",
					"$(inherited)",
				);
				GCC_WARN_64_TO_32_BIT_CONVERSION = YES;
				GCC_WARN_ABOUT_RETURN_TYPE = YES_ERROR;
				GCC_WARN_UNDECLARED_SELECTOR = YES;
				GCC_WARN_UNINITIALIZED_AUTOS = YES_AGGRESSIVE;
				GCC_WARN_UNUSED_FUNCTION = YES;
				GCC_WARN_UNUSED_VARIABLE = YES;
				IPHONEOS_DEPLOYMENT_TARGET = 18.2;
				LOCALIZATION_PREFERS_STRING_CATALOGS = YES;
				MTL_ENABLE_DEBUG_INFO = INCLUDE_SOURCE;
				MTL_FAST_MATH = YES;
				ONLY_ACTIVE_ARCH = YES;
				SDKROOT = iphoneos;
				SWIFT_ACTIVE_COMPILATION_CONDITIONS = "DEBUG $(inherited)";
				SWIFT_OPTIMIZATION_LEVEL = "-Onone";
			};
			name = Debug;
		};
		C220C2072D2B999C00321039 /* Release */ = {
			isa = XCBuildConfiguration;
			buildSettings = {
				ALWAYS_SEARCH_USER_PATHS = NO;
				ASSETCATALOG_COMPILER_GENERATE_SWIFT_ASSET_SYMBOL_EXTENSIONS = YES;
				CLANG_ANALYZER_NONNULL = YES;
				CLANG_ANALYZER_NUMBER_OBJECT_CONVERSION = YES_AGGRESSIVE;
				CLANG_CXX_LANGUAGE_STANDARD = "gnu++20";
				CLANG_ENABLE_MODULES = YES;
				CLANG_ENABLE_OBJC_ARC = YES;
				CLANG_ENABLE_OBJC_WEAK = YES;
				CLANG_WARN_BLOCK_CAPTURE_AUTORELEASING = YES;
				CLANG_WARN_BOOL_CONVERSION = YES;
				CLANG_WARN_COMMA = YES;
				CLANG_WARN_CONSTANT_CONVERSION = YES;
				CLANG_WARN_DEPRECATED_OBJC_IMPLEMENTATIONS = YES;
				CLANG_WARN_DIRECT_OBJC_ISA_USAGE = YES_ERROR;
				CLANG_WARN_DOCUMENTATION_COMMENTS = YES;
				CLANG_WARN_EMPTY_BODY = YES;
				CLANG_WARN_ENUM_CONVERSION = YES;
				CLANG_WARN_INFINITE_RECURSION = YES;
				CLANG_WARN_INT_CONVERSION = YES;
				CLANG_WARN_NON_LITERAL_NULL_CONVERSION = YES;
				CLANG_WARN_OBJC_IMPLICIT_RETAIN_SELF = YES;
				CLANG_WARN_OBJC_LITERAL_CONVERSION = YES;
				CLANG_WARN_OBJC_ROOT_CLASS = YES_ERROR;
				CLANG_WARN_QUOTED_INCLUDE_IN_FRAMEWORK_HEADER = YES;
				CLANG_WARN_RANGE_LOOP_ANALYSIS = YES;
				CLANG_WARN_STRICT_PROTOTYPES = YES;
				CLANG_WARN_SUSPICIOUS_MOVE = YES;
				CLANG_WARN_UNGUARDED_AVAILABILITY = YES_AGGRESSIVE;
				CLANG_WARN_UNREACHABLE_CODE = YES;
				CLANG_WARN__DUPLICATE_METHOD_MATCH = YES;
				COPY_PHASE_STRIP = NO;
				DEBUG_INFORMATION_FORMAT = "dwarf-with-dsym";
				ENABLE_NS_ASSERTIONS = NO;
				ENABLE_STRICT_OBJC_MSGSEND = YES;
				ENABLE_USER_SCRIPT_SANDBOXING = YES;
				GCC_C_LANGUAGE_STANDARD = gnu17;
				GCC_NO_COMMON_BLOCKS = YES;
				GCC_WARN_64_TO_32_BIT_CONVERSION = YES;
				GCC_WARN_ABOUT_RETURN_TYPE = YES_ERROR;
				GCC_WARN_UNDECLARED_SELECTOR = YES;
				GCC_WARN_UNINITIALIZED_AUTOS = YES_AGGRESSIVE;
				GCC_WARN_UNUSED_FUNCTION = YES;
				GCC_WARN_UNUSED_VARIABLE = YES;
				IPHONEOS_DEPLOYMENT_TARGET = 18.2;
				LOCALIZATION_PREFERS_STRING_CATALOGS = YES;
				MTL_ENABLE_DEBUG_INFO = NO;
				MTL_FAST_MATH = YES;
				SDKROOT = iphoneos;
				SWIFT_COMPILATION_MODE = wholemodule;
				VALIDATE_PRODUCT = YES;
			};
			name = Release;
		};
/* End XCBuildConfiguration section */

/* Begin XCConfigurationList section */
		C220C1EB2D2B999B00321039 /* Build configuration list for PBXProject "ZzzBank" */ = {
			isa = XCConfigurationList;
			buildConfigurations = (
				C220C2062D2B999C00321039 /* Debug */,
				C220C2072D2B999C00321039 /* Release */,
			);
			defaultConfigurationIsVisible = 0;
			defaultConfigurationName = Release;
		};
		C220C2032D2B999C00321039 /* Build configuration list for PBXNativeTarget "ZzzBank" */ = {
			isa = XCConfigurationList;
			buildConfigurations = (
				C220C2042D2B999C00321039 /* Debug */,
				C220C2052D2B999C00321039 /* Release */,
			);
			defaultConfigurationIsVisible = 0;
			defaultConfigurationName = Release;
		};
/* End XCConfigurationList section */

/* Begin XCRemoteSwiftPackageReference section */
		C220C2082D2B9AF000321039 /* XCRemoteSwiftPackageReference "Kingfisher" */ = {
			isa = XCRemoteSwiftPackageReference;
			repositoryURL = "https://github.com/onevcat/Kingfisher.git";
			requirement = {
				kind = upToNextMajorVersion;
				minimumVersion = 8.1.3;
			};
		};
		C235F0382D2EB98B0047B592 /* XCRemoteSwiftPackageReference "realm-swift" */ = {
			isa = XCRemoteSwiftPackageReference;
			repositoryURL = "https://github.com/realm/realm-swift";
			requirement = {
				branch = master;
				kind = branch;
			};
		};
		C235F04B2D301AFE0047B592 /* XCRemoteSwiftPackageReference "RxSwift" */ = {
			isa = XCRemoteSwiftPackageReference;
			repositoryURL = "https://github.com/ReactiveX/RxSwift";
			requirement = {
				kind = upToNextMajorVersion;
				minimumVersion = 6.8.0;
			};
		};
		C295F2602D2BC40400B60FA1 /* XCRemoteSwiftPackageReference "SnapKit" */ = {
			isa = XCRemoteSwiftPackageReference;
			repositoryURL = "https://github.com/SnapKit/SnapKit";
			requirement = {
				kind = upToNextMajorVersion;
				minimumVersion = 5.7.1;
			};
		};
/* End XCRemoteSwiftPackageReference section */

/* Begin XCSwiftPackageProductDependency section */
		C220C2092D2B9AF000321039 /* Kingfisher */ = {
			isa = XCSwiftPackageProductDependency;
			package = C220C2082D2B9AF000321039 /* XCRemoteSwiftPackageReference "Kingfisher" */;
			productName = Kingfisher;
		};
		C235F0392D2EB98B0047B592 /* RealmSwift */ = {
			isa = XCSwiftPackageProductDependency;
			package = C235F0382D2EB98B0047B592 /* XCRemoteSwiftPackageReference "realm-swift" */;
			productName = RealmSwift;
		};
		C235F04C2D301AFE0047B592 /* RxBlocking */ = {
			isa = XCSwiftPackageProductDependency;
			package = C235F04B2D301AFE0047B592 /* XCRemoteSwiftPackageReference "RxSwift" */;
			productName = RxBlocking;
		};
		C235F04E2D301AFE0047B592 /* RxCocoa */ = {
			isa = XCSwiftPackageProductDependency;
			package = C235F04B2D301AFE0047B592 /* XCRemoteSwiftPackageReference "RxSwift" */;
			productName = RxCocoa;
		};
		C235F0502D301AFE0047B592 /* RxRelay */ = {
			isa = XCSwiftPackageProductDependency;
			package = C235F04B2D301AFE0047B592 /* XCRemoteSwiftPackageReference "RxSwift" */;
			productName = RxRelay;
		};
		C235F0522D301AFE0047B592 /* RxSwift */ = {
			isa = XCSwiftPackageProductDependency;
			package = C235F04B2D301AFE0047B592 /* XCRemoteSwiftPackageReference "RxSwift" */;
			productName = RxSwift;
		};
		C235F0542D301AFE0047B592 /* RxTest */ = {
			isa = XCSwiftPackageProductDependency;
			package = C235F04B2D301AFE0047B592 /* XCRemoteSwiftPackageReference "RxSwift" */;
			productName = RxTest;
		};
		C295F2612D2BC40400B60FA1 /* SnapKit */ = {
			isa = XCSwiftPackageProductDependency;
			package = C295F2602D2BC40400B60FA1 /* XCRemoteSwiftPackageReference "SnapKit" */;
			productName = SnapKit;
		};
/* End XCSwiftPackageProductDependency section */
	};
	rootObject = C220C1E82D2B999B00321039 /* Project object */;
}
